
Microsoft Visual Studio Solution File, Format Version 12.00
Project("{FAE04EC0-301F-11D3-BF4B-00C04F79EFBC}") = "ES2_TP_ComparadorPrecos_WebAPI", "ES2_TP_ComparadorPrecos_WebAPI\ES2_TP_ComparadorPrecos_WebAPI.csproj", "{43916CB7-74B5-49F2-BC3B-9A22C054AC19}"
EndProject
Project("{FAE04EC0-301F-11D3-BF4B-00C04F79EFBC}") = "ES2_TP_ComparadorPrecos_WebApp", "ES2_TP_ComparadorPrecos_WebApp\ES2_TP_ComparadorPrecos_WebApp.csproj", "{B5BE91F5-B7ED-44CC-AF58-85973762D45B}"
EndProject
Global
	GlobalSection(SolutionConfigurationPlatforms) = preSolution
		Debug|Any CPU = Debug|Any CPU
		Release|Any CPU = Release|Any CPU
	EndGlobalSection
	GlobalSection(ProjectConfigurationPlatforms) = postSolution
		{43916CB7-74B5-49F2-BC3B-9A22C054AC19}.Debug|Any CPU.ActiveCfg = Debug|Any CPU
		{43916CB7-74B5-49F2-BC3B-9A22C054AC19}.Debug|Any CPU.Build.0 = Debug|Any CPU
		{43916CB7-74B5-49F2-BC3B-9A22C054AC19}.Release|Any CPU.ActiveCfg = Release|Any CPU
		{43916CB7-74B5-49F2-BC3B-9A22C054AC19}.Release|Any CPU.Build.0 = Release|Any CPU
		{B5BE91F5-B7ED-44CC-AF58-85973762D45B}.Debug|Any CPU.ActiveCfg = Debug|Any CPU
		{B5BE91F5-B7ED-44CC-AF58-85973762D45B}.Debug|Any CPU.Build.0 = Debug|Any CPU
		{B5BE91F5-B7ED-44CC-AF58-85973762D45B}.Release|Any CPU.ActiveCfg = Release|Any CPU
		{B5BE91F5-B7ED-44CC-AF58-85973762D45B}.Release|Any CPU.Build.0 = Release|Any CPU
	EndGlobalSection
EndGlobal
